# THIS IS AN AUTOGENERATED FILE. DO NOT EDIT THIS FILE DIRECTLY.
# yarn lockfile v1


"@babel/standalone@^7.7.7":
  version "7.8.0"
  resolved "https://registry.npm.taobao.org/@babel/standalone/download/@babel/standalone-7.8.0.tgz#f89a7749a863376bde39bd3cb449f0e46a5d928c"
  integrity sha1-+Jp3SahjN2veOb08tEnw5Gpdkow=

"@types/color-name@^1.1.1":
  version "1.1.1"
  resolved "https://registry.npm.taobao.org/@types/color-name/download/@types/color-name-1.1.1.tgz#1c1261bbeaa10a8055bbc5d8ab84b7b2afc846a0"
  integrity sha1-HBJhu+qhCoBVu8XYq4S3sq/IRqA=

ansi-styles@^4.1.0:
  version "4.2.1"
  resolved "https://registry.npm.taobao.org/ansi-styles/download/ansi-styles-4.2.1.tgz?cache=0&sync_timestamp=1577903718856&other_urls=https%3A%2F%2Fregistry.npm.taobao.org%2Fansi-styles%2Fdownload%2Fansi-styles-4.2.1.tgz#90ae75c424d008d2624c5bf29ead3177ebfcf359"
  integrity sha1-kK51xCTQCNJiTFvynq0xd+v881k=
  dependencies:
    "@types/color-name" "^1.1.1"
    color-convert "^2.0.1"

chalk@^3.0.0:
  version "3.0.0"
  resolved "https://registry.npm.taobao.org/chalk/download/chalk-3.0.0.tgz#3f73c2bf526591f574cc492c51e2456349f844e4"
  integrity sha1-P3PCv1JlkfV0zEksUeJFY0n4ROQ=
  dependencies:
    ansi-styles "^4.1.0"
    supports-color "^7.1.0"

cirru-parser@^0.10.7:
  version "0.10.7"
  resolved "https://registry.npm.taobao.org/cirru-parser/download/cirru-parser-0.10.7.tgz#0f6fe6f3e343b145fbd30c3505e1adb8be349e32"
  integrity sha1-D2/m8+NDsUX70ww1BeGtuL40njI=

cirru-script@^0.6.1-a1:
  version "0.6.1-a1"
  resolved "https://registry.npm.taobao.org/cirru-script/download/cirru-script-0.6.1-a1.tgz?cache=0&sync_timestamp=1578675852187&other_urls=https%3A%2F%2Fregistry.npm.taobao.org%2Fcirru-script%2Fdownload%2Fcirru-script-0.6.1-a1.tgz#0949087d691a88480a1018eb3fb0a1f71ae44765"
  integrity sha1-CUkIfWkaiEgKEBjrP7Ch9xrkR2U=
  dependencies:
    "@babel/standalone" "^7.7.7"
    chalk "^3.0.0"
    cirru-parser "^0.10.7"
    scirpus "^0.6.0"

color-convert@^2.0.1:
  version "2.0.1"
  resolved "https://registry.npm.taobao.org/color-convert/download/color-convert-2.0.1.tgz#72d3a68d598c9bdb3af2ad1e84f21d896abd4de3"
  integrity sha1-ctOmjVmMm9s68q0ehPIdiWq9TeM=
  dependencies:
    color-name "~1.1.4"

color-name@~1.1.4:
  version "1.1.4"
  resolved "https://registry.npm.taobao.org/color-name/download/color-name-1.1.4.tgz#c2a09a87acbde69543de6f63fa3995c826c536a2"
  integrity sha1-wqCah6y95pVD3m9j+jmVyCbFNqI=

has-flag@^4.0.0:
  version "4.0.0"
  resolved "https://registry.npm.taobao.org/has-flag/download/has-flag-4.0.0.tgz#944771fd9c81c81265c4d6941860da06bb59479b"
  integrity sha1-lEdx/ZyByBJlxNaUGGDaBrtZR5s=

scirpus@^0.6.0:
  version "0.6.0"
  resolved "https://registry.npm.taobao.org/scirpus/download/scirpus-0.6.0.tgz#f0d56e4c9e0f0862d2a7ac5484900d9d2939f51a"
  integrity sha1-8NVuTJ4PCGLSp6xUhJANnSk59Ro=
  dependencies:
    type-of "^2.0.1"

supports-color@^7.1.0:
  version "7.1.0"
  resolved "https://registry.npm.taobao.org/supports-color/download/supports-color-7.1.0.tgz#68e32591df73e25ad1c4b49108a2ec507962bfd1"
  integrity sha1-aOMlkd9z4lrRxLSRCKLsUHliv9E=
  dependencies:
    has-flag "^4.0.0"

type-of@^2.0.1:
  version "2.0.1"
  resolved "https://registry.npm.taobao.org/type-of/download/type-of-2.0.1.tgz#e72a1741896568e9f628378d816d6912f7f23972"
  integrity sha1-5yoXQYllaOn2KDeNgW1pEvfyOXI=
